
Microsoft Visual Studio Solution File, Format Version 12.00
# Visual Studio 15
VisualStudioVersion = 15.0.27130.2036
MinimumVisualStudioVersion = 10.0.40219.1
Project("{FAE04EC0-301F-11D3-BF4B-00C04F79EFBC}") = "XD", "XD\XD.csproj", "{8F2C03E6-BEA3-4E8C-B7FF-CEBA1BF6F8B6}"
EndProject
Global
	GlobalSection(SolutionConfigurationPlatforms) = preSolution
		Debug|Any CPU = Debug|Any CPU
		Release|Any CPU = Release|Any CPU
	EndGlobalSection
	GlobalSection(ProjectConfigurationPlatforms) = postSolution
		{8F2C03E6-BEA3-4E8C-B7FF-CEBA1BF6F8B6}.Debug|Any CPU.ActiveCfg = Debug|Any CPU
		{8F2C03E6-BEA3-4E8C-B7FF-CEBA1BF6F8B6}.Debug|Any CPU.Build.0 = Debug|Any CPU
		{8F2C03E6-BEA3-4E8C-B7FF-CEBA1BF6F8B6}.Release|Any CPU.ActiveCfg = Release|Any CPU
		{8F2C03E6-BEA3-4E8C-B7FF-CEBA1BF6F8B6}.Release|Any CPU.Build.0 = Release|Any CPU
	EndGlobalSection
	GlobalSection(SolutionProperties) = preSolution
		HideSolutionNode = FALSE
	EndGlobalSection
	GlobalSection(ExtensibilityGlobals) = postSolution
		SolutionGuid = {6AFC8894-651B-4DE9-B9AF-EB0B683675B8}
	EndGlobalSection
EndGlobal
